
Microsoft Visual Studio Solution File, Format Version 12.00
# Visual Studio 2013
VisualStudioVersion = 12.0.31101.0
MinimumVisualStudioVersion = 10.0.40219.1
Project("{F184B08F-C81C-45F6-A57F-5ABD9991F28F}") = "CSS Overview", "CSS Overview\CSS Overview.vbproj", "{82F34922-A487-4308-880E-82FA6B7ABBFD}"
EndProject
Project("{F184B08F-C81C-45F6-A57F-5ABD9991F28F}") = "International Employees", "International Employees\International Employees.vbproj", "{765ECFE5-F361-42D7-A029-CFE2F2AB1C81}"
EndProject
Project("{F184B08F-C81C-45F6-A57F-5ABD9991F28F}") = "Forum Posts", "Forum Posts\Forum Posts.vbproj", "{9FFAB61B-3327-412E-9F78-2A051423BAC3}"
EndProject
Global
	GlobalSection(SolutionConfigurationPlatforms) = preSolution
		Debug|Any CPU = Debug|Any CPU
		Release|Any CPU = Release|Any CPU
	EndGlobalSection
	GlobalSection(ProjectConfigurationPlatforms) = postSolution
		{82F34922-A487-4308-880E-82FA6B7ABBFD}.Debug|Any CPU.ActiveCfg = Debug|Any CPU
		{82F34922-A487-4308-880E-82FA6B7ABBFD}.Debug|Any CPU.Build.0 = Debug|Any CPU
		{82F34922-A487-4308-880E-82FA6B7ABBFD}.Release|Any CPU.ActiveCfg = Release|Any CPU
		{82F34922-A487-4308-880E-82FA6B7ABBFD}.Release|Any CPU.Build.0 = Release|Any CPU
		{765ECFE5-F361-42D7-A029-CFE2F2AB1C81}.Debug|Any CPU.ActiveCfg = Debug|Any CPU
		{765ECFE5-F361-42D7-A029-CFE2F2AB1C81}.Debug|Any CPU.Build.0 = Debug|Any CPU
		{765ECFE5-F361-42D7-A029-CFE2F2AB1C81}.Release|Any CPU.ActiveCfg = Release|Any CPU
		{765ECFE5-F361-42D7-A029-CFE2F2AB1C81}.Release|Any CPU.Build.0 = Release|Any CPU
		{9FFAB61B-3327-412E-9F78-2A051423BAC3}.Debug|Any CPU.ActiveCfg = Debug|Any CPU
		{9FFAB61B-3327-412E-9F78-2A051423BAC3}.Debug|Any CPU.Build.0 = Debug|Any CPU
		{9FFAB61B-3327-412E-9F78-2A051423BAC3}.Release|Any CPU.ActiveCfg = Release|Any CPU
		{9FFAB61B-3327-412E-9F78-2A051423BAC3}.Release|Any CPU.Build.0 = Release|Any CPU
	EndGlobalSection
	GlobalSection(SolutionProperties) = preSolution
		HideSolutionNode = FALSE
	EndGlobalSection
EndGlobal
