
Microsoft Visual Studio Solution File, Format Version 12.00
# Visual Studio 2013
VisualStudioVersion = 12.0.31101.0
MinimumVisualStudioVersion = 10.0.40219.1
Project("{FAE04EC0-301F-11D3-BF4B-00C04F79EFBC}") = "1.DeclareVariables", "DatatypesАndVariables\1.DeclareVariables.csproj", "{DAF65578-A319-4EED-8FA2-C066887993F7}"
EndProject
Project("{FAE04EC0-301F-11D3-BF4B-00C04F79EFBC}") = "2.FloatOrDouble", "FloatOrDouble\2.FloatOrDouble.csproj", "{3D21FE71-908A-4B9B-9D68-E0E9B7645D38}"
EndProject
Project("{FAE04EC0-301F-11D3-BF4B-00C04F79EFBC}") = "3.VariableInHex", "VariableInHex\3.VariableInHex.csproj", "{D0F30F91-92A8-4CB6-ACB4-80F8330EA835}"
EndProject
Project("{FAE04EC0-301F-11D3-BF4B-00C04F79EFBC}") = "5.BooleanVariable", "BooleanVariable\5.BooleanVariable.csproj", "{1F065D91-4B9E-4EFD-A888-505CE8D9305E}"
EndProject
Project("{FAE04EC0-301F-11D3-BF4B-00C04F79EFBC}") = "6.StringsAndObjects", "StringsAndObjects\6.StringsAndObjects.csproj", "{593CF908-A922-497B-9FCC-8CF0DFAF3207}"
EndProject
Project("{FAE04EC0-301F-11D3-BF4B-00C04F79EFBC}") = "7.QuotesInString", "QuotesInString\7.QuotesInString.csproj", "{2D3389A8-38F1-4E45-A2D5-29312490ABBC}"
EndProject
Project("{FAE04EC0-301F-11D3-BF4B-00C04F79EFBC}") = "8.Isosceles Triangle", "Isosceles Triangle\8.Isosceles Triangle.csproj", "{C4403886-CAAB-44B7-86DC-DF05890D5194}"
EndProject
Project("{FAE04EC0-301F-11D3-BF4B-00C04F79EFBC}") = "9.ExchangeValues", "ExchangeValues\9.ExchangeValues.csproj", "{83ACE319-6E87-4C29-93AB-7D07CD841FE8}"
EndProject
Project("{FAE04EC0-301F-11D3-BF4B-00C04F79EFBC}") = "10.Employee", "Employee\10.Employee.csproj", "{62D5BAEB-78D7-4023-A27D-36F99D184A23}"
EndProject
Project("{FAE04EC0-301F-11D3-BF4B-00C04F79EFBC}") = "11.BankAccount", "BankAccount\11.BankAccount.csproj", "{6598A925-AD3C-4BD8-8D3B-ED91488E316A}"
EndProject
Project("{FAE04EC0-301F-11D3-BF4B-00C04F79EFBC}") = "14.ASCII", "ASCII\14.ASCII.csproj", "{16C0DCB0-F6DE-44D9-A57A-65F4A2D2F60B}"
EndProject
Project("{FAE04EC0-301F-11D3-BF4B-00C04F79EFBC}") = "13.ComparingFloats", "ComparingFloats\13.ComparingFloats.csproj", "{6C7D2787-75B7-431F-BF6C-7425211A7631}"
EndProject
Project("{FAE04EC0-301F-11D3-BF4B-00C04F79EFBC}") = "12.NullValuesArithmetic", "NullValuesArithmetic\12.NullValuesArithmetic.csproj", "{9E2535BB-4139-40CC-A01A-3A69EFD97FC8}"
EndProject
Project("{FAE04EC0-301F-11D3-BF4B-00C04F79EFBC}") = "4.UnicodeChar", "UnicodeChar\4.UnicodeChar.csproj", "{7017EBC5-1C39-4A8A-957D-092697B88B6B}"
EndProject
Global
	GlobalSection(SolutionConfigurationPlatforms) = preSolution
		Debug|Any CPU = Debug|Any CPU
		Release|Any CPU = Release|Any CPU
	EndGlobalSection
	GlobalSection(ProjectConfigurationPlatforms) = postSolution
		{DAF65578-A319-4EED-8FA2-C066887993F7}.Debug|Any CPU.ActiveCfg = Debug|Any CPU
		{DAF65578-A319-4EED-8FA2-C066887993F7}.Debug|Any CPU.Build.0 = Debug|Any CPU
		{DAF65578-A319-4EED-8FA2-C066887993F7}.Release|Any CPU.ActiveCfg = Release|Any CPU
		{DAF65578-A319-4EED-8FA2-C066887993F7}.Release|Any CPU.Build.0 = Release|Any CPU
		{3D21FE71-908A-4B9B-9D68-E0E9B7645D38}.Debug|Any CPU.ActiveCfg = Debug|Any CPU
		{3D21FE71-908A-4B9B-9D68-E0E9B7645D38}.Debug|Any CPU.Build.0 = Debug|Any CPU
		{3D21FE71-908A-4B9B-9D68-E0E9B7645D38}.Release|Any CPU.ActiveCfg = Release|Any CPU
		{3D21FE71-908A-4B9B-9D68-E0E9B7645D38}.Release|Any CPU.Build.0 = Release|Any CPU
		{D0F30F91-92A8-4CB6-ACB4-80F8330EA835}.Debug|Any CPU.ActiveCfg = Debug|Any CPU
		{D0F30F91-92A8-4CB6-ACB4-80F8330EA835}.Debug|Any CPU.Build.0 = Debug|Any CPU
		{D0F30F91-92A8-4CB6-ACB4-80F8330EA835}.Release|Any CPU.ActiveCfg = Release|Any CPU
		{D0F30F91-92A8-4CB6-ACB4-80F8330EA835}.Release|Any CPU.Build.0 = Release|Any CPU
		{1F065D91-4B9E-4EFD-A888-505CE8D9305E}.Debug|Any CPU.ActiveCfg = Debug|Any CPU
		{1F065D91-4B9E-4EFD-A888-505CE8D9305E}.Debug|Any CPU.Build.0 = Debug|Any CPU
		{1F065D91-4B9E-4EFD-A888-505CE8D9305E}.Release|Any CPU.ActiveCfg = Release|Any CPU
		{1F065D91-4B9E-4EFD-A888-505CE8D9305E}.Release|Any CPU.Build.0 = Release|Any CPU
		{593CF908-A922-497B-9FCC-8CF0DFAF3207}.Debug|Any CPU.ActiveCfg = Debug|Any CPU
		{593CF908-A922-497B-9FCC-8CF0DFAF3207}.Debug|Any CPU.Build.0 = Debug|Any CPU
		{593CF908-A922-497B-9FCC-8CF0DFAF3207}.Release|Any CPU.ActiveCfg = Release|Any CPU
		{593CF908-A922-497B-9FCC-8CF0DFAF3207}.Release|Any CPU.Build.0 = Release|Any CPU
		{2D3389A8-38F1-4E45-A2D5-29312490ABBC}.Debug|Any CPU.ActiveCfg = Debug|Any CPU
		{2D3389A8-38F1-4E45-A2D5-29312490ABBC}.Debug|Any CPU.Build.0 = Debug|Any CPU
		{2D3389A8-38F1-4E45-A2D5-29312490ABBC}.Release|Any CPU.ActiveCfg = Release|Any CPU
		{2D3389A8-38F1-4E45-A2D5-29312490ABBC}.Release|Any CPU.Build.0 = Release|Any CPU
		{C4403886-CAAB-44B7-86DC-DF05890D5194}.Debug|Any CPU.ActiveCfg = Debug|Any CPU
		{C4403886-CAAB-44B7-86DC-DF05890D5194}.Debug|Any CPU.Build.0 = Debug|Any CPU
		{C4403886-CAAB-44B7-86DC-DF05890D5194}.Release|Any CPU.ActiveCfg = Release|Any CPU
		{C4403886-CAAB-44B7-86DC-DF05890D5194}.Release|Any CPU.Build.0 = Release|Any CPU
		{83ACE319-6E87-4C29-93AB-7D07CD841FE8}.Debug|Any CPU.ActiveCfg = Debug|Any CPU
		{83ACE319-6E87-4C29-93AB-7D07CD841FE8}.Debug|Any CPU.Build.0 = Debug|Any CPU
		{83ACE319-6E87-4C29-93AB-7D07CD841FE8}.Release|Any CPU.ActiveCfg = Release|Any CPU
		{83ACE319-6E87-4C29-93AB-7D07CD841FE8}.Release|Any CPU.Build.0 = Release|Any CPU
		{62D5BAEB-78D7-4023-A27D-36F99D184A23}.Debug|Any CPU.ActiveCfg = Debug|Any CPU
		{62D5BAEB-78D7-4023-A27D-36F99D184A23}.Debug|Any CPU.Build.0 = Debug|Any CPU
		{62D5BAEB-78D7-4023-A27D-36F99D184A23}.Release|Any CPU.ActiveCfg = Release|Any CPU
		{62D5BAEB-78D7-4023-A27D-36F99D184A23}.Release|Any CPU.Build.0 = Release|Any CPU
		{6598A925-AD3C-4BD8-8D3B-ED91488E316A}.Debug|Any CPU.ActiveCfg = Debug|Any CPU
		{6598A925-AD3C-4BD8-8D3B-ED91488E316A}.Debug|Any CPU.Build.0 = Debug|Any CPU
		{6598A925-AD3C-4BD8-8D3B-ED91488E316A}.Release|Any CPU.ActiveCfg = Release|Any CPU
		{6598A925-AD3C-4BD8-8D3B-ED91488E316A}.Release|Any CPU.Build.0 = Release|Any CPU
		{16C0DCB0-F6DE-44D9-A57A-65F4A2D2F60B}.Debug|Any CPU.ActiveCfg = Debug|Any CPU
		{16C0DCB0-F6DE-44D9-A57A-65F4A2D2F60B}.Debug|Any CPU.Build.0 = Debug|Any CPU
		{16C0DCB0-F6DE-44D9-A57A-65F4A2D2F60B}.Release|Any CPU.ActiveCfg = Release|Any CPU
		{16C0DCB0-F6DE-44D9-A57A-65F4A2D2F60B}.Release|Any CPU.Build.0 = Release|Any CPU
		{6C7D2787-75B7-431F-BF6C-7425211A7631}.Debug|Any CPU.ActiveCfg = Debug|Any CPU
		{6C7D2787-75B7-431F-BF6C-7425211A7631}.Debug|Any CPU.Build.0 = Debug|Any CPU
		{6C7D2787-75B7-431F-BF6C-7425211A7631}.Release|Any CPU.ActiveCfg = Release|Any CPU
		{6C7D2787-75B7-431F-BF6C-7425211A7631}.Release|Any CPU.Build.0 = Release|Any CPU
		{9E2535BB-4139-40CC-A01A-3A69EFD97FC8}.Debug|Any CPU.ActiveCfg = Debug|Any CPU
		{9E2535BB-4139-40CC-A01A-3A69EFD97FC8}.Debug|Any CPU.Build.0 = Debug|Any CPU
		{9E2535BB-4139-40CC-A01A-3A69EFD97FC8}.Release|Any CPU.ActiveCfg = Release|Any CPU
		{9E2535BB-4139-40CC-A01A-3A69EFD97FC8}.Release|Any CPU.Build.0 = Release|Any CPU
		{7017EBC5-1C39-4A8A-957D-092697B88B6B}.Debug|Any CPU.ActiveCfg = Debug|Any CPU
		{7017EBC5-1C39-4A8A-957D-092697B88B6B}.Debug|Any CPU.Build.0 = Debug|Any CPU
		{7017EBC5-1C39-4A8A-957D-092697B88B6B}.Release|Any CPU.ActiveCfg = Release|Any CPU
		{7017EBC5-1C39-4A8A-957D-092697B88B6B}.Release|Any CPU.Build.0 = Release|Any CPU
	EndGlobalSection
	GlobalSection(SolutionProperties) = preSolution
		HideSolutionNode = FALSE
	EndGlobalSection
EndGlobal
