
Microsoft Visual Studio Solution File, Format Version 12.00
# Visual Studio 2013
VisualStudioVersion = 12.0.31101.0
MinimumVisualStudioVersion = 10.0.40219.1
Project("{F184B08F-C81C-45F6-A57F-5ABD9991F28F}") = "HTMLTables", "HTMLTables\HTMLTables.vbproj", "{1980A4CA-7E4F-45C6-B78C-86332C4680E8}"
EndProject
Project("{F184B08F-C81C-45F6-A57F-5ABD9991F28F}") = "HTMLForm", "HTMLForm\HTMLForm.vbproj", "{2DF0693A-F3C8-42C4-B00C-982FD46CAABD}"
EndProject
Project("{F184B08F-C81C-45F6-A57F-5ABD9991F28F}") = "Calculator", "Calculator\Calculator.vbproj", "{1DFD9AB5-7A50-43ED-9218-D4139BFF9A16}"
EndProject
Global
	GlobalSection(SolutionConfigurationPlatforms) = preSolution
		Debug|Any CPU = Debug|Any CPU
		Release|Any CPU = Release|Any CPU
	EndGlobalSection
	GlobalSection(ProjectConfigurationPlatforms) = postSolution
		{1980A4CA-7E4F-45C6-B78C-86332C4680E8}.Debug|Any CPU.ActiveCfg = Debug|Any CPU
		{1980A4CA-7E4F-45C6-B78C-86332C4680E8}.Debug|Any CPU.Build.0 = Debug|Any CPU
		{1980A4CA-7E4F-45C6-B78C-86332C4680E8}.Release|Any CPU.ActiveCfg = Release|Any CPU
		{1980A4CA-7E4F-45C6-B78C-86332C4680E8}.Release|Any CPU.Build.0 = Release|Any CPU
		{2DF0693A-F3C8-42C4-B00C-982FD46CAABD}.Debug|Any CPU.ActiveCfg = Debug|Any CPU
		{2DF0693A-F3C8-42C4-B00C-982FD46CAABD}.Debug|Any CPU.Build.0 = Debug|Any CPU
		{2DF0693A-F3C8-42C4-B00C-982FD46CAABD}.Release|Any CPU.ActiveCfg = Release|Any CPU
		{2DF0693A-F3C8-42C4-B00C-982FD46CAABD}.Release|Any CPU.Build.0 = Release|Any CPU
		{1DFD9AB5-7A50-43ED-9218-D4139BFF9A16}.Debug|Any CPU.ActiveCfg = Debug|Any CPU
		{1DFD9AB5-7A50-43ED-9218-D4139BFF9A16}.Debug|Any CPU.Build.0 = Debug|Any CPU
		{1DFD9AB5-7A50-43ED-9218-D4139BFF9A16}.Release|Any CPU.ActiveCfg = Release|Any CPU
		{1DFD9AB5-7A50-43ED-9218-D4139BFF9A16}.Release|Any CPU.Build.0 = Release|Any CPU
	EndGlobalSection
	GlobalSection(SolutionProperties) = preSolution
		HideSolutionNode = FALSE
	EndGlobalSection
EndGlobal
