
Microsoft Visual Studio Solution File, Format Version 12.00
# Visual Studio 2013
VisualStudioVersion = 12.0.31101.0
MinimumVisualStudioVersion = 10.0.40219.1
Project("{F184B08F-C81C-45F6-A57F-5ABD9991F28F}") = "Data Types And Variables", "Data Types And Variables\Data Types And Variables.vbproj", "{D1A219E5-4C83-4B9C-8D1F-57505C6F8863}"
EndProject
Global
	GlobalSection(SolutionConfigurationPlatforms) = preSolution
		Debug|Any CPU = Debug|Any CPU
		Release|Any CPU = Release|Any CPU
	EndGlobalSection
	GlobalSection(ProjectConfigurationPlatforms) = postSolution
		{D1A219E5-4C83-4B9C-8D1F-57505C6F8863}.Debug|Any CPU.ActiveCfg = Debug|Any CPU
		{D1A219E5-4C83-4B9C-8D1F-57505C6F8863}.Debug|Any CPU.Build.0 = Debug|Any CPU
		{D1A219E5-4C83-4B9C-8D1F-57505C6F8863}.Release|Any CPU.ActiveCfg = Release|Any CPU
		{D1A219E5-4C83-4B9C-8D1F-57505C6F8863}.Release|Any CPU.Build.0 = Release|Any CPU
	EndGlobalSection
	GlobalSection(SolutionProperties) = preSolution
		HideSolutionNode = FALSE
	EndGlobalSection
EndGlobal
